
Microsoft Visual Studio Solution File, Format Version 12.00
# Visual Studio Version 16
VisualStudioVersion = 16.0.31515.178
MinimumVisualStudioVersion = 10.0.40219.1
Project("{FAE04EC0-301F-11D3-BF4B-00C04F79EFBC}") = "SingalRChat", "SingalRChat.csproj", "{BEF1EC7B-2E56-40F7-8EB3-AAD7B1189F4B}"
EndProject
Global
	GlobalSection(SolutionConfigurationPlatforms) = preSolution
		Debug|Any CPU = Debug|Any CPU
		Release|Any CPU = Release|Any CPU
	EndGlobalSection
	GlobalSection(ProjectConfigurationPlatforms) = postSolution
		{BEF1EC7B-2E56-40F7-8EB3-AAD7B1189F4B}.Debug|Any CPU.ActiveCfg = Debug|Any CPU
		{BEF1EC7B-2E56-40F7-8EB3-AAD7B1189F4B}.Debug|Any CPU.Build.0 = Debug|Any CPU
		{BEF1EC7B-2E56-40F7-8EB3-AAD7B1189F4B}.Release|Any CPU.ActiveCfg = Release|Any CPU
		{BEF1EC7B-2E56-40F7-8EB3-AAD7B1189F4B}.Release|Any CPU.Build.0 = Release|Any CPU
	EndGlobalSection
	GlobalSection(SolutionProperties) = preSolution
		HideSolutionNode = FALSE
	EndGlobalSection
	GlobalSection(ExtensibilityGlobals) = postSolution
		SolutionGuid = {A501C7A0-47AC-4ADC-B7F9-98651F2E34EF}
	EndGlobalSection
EndGlobal
